
Microsoft Visual Studio Solution File, Format Version 12.00
# Visual Studio Version 16
VisualStudioVersion = 16.0.30804.86
MinimumVisualStudioVersion = 10.0.40219.1
Project("{9A19103F-16F7-4668-BE54-9A1E7A4F7556}") = "Ve.DotNet", "Ve.DotNet\Ve.DotNet.csproj", "{8EC4E7F0-57FD-4952-A612-FDCDA3A5EBBD}"
EndProject
Project("{9A19103F-16F7-4668-BE54-9A1E7A4F7556}") = "Ve.DotNet.Tests", "Ve.DotNet.Tests\Ve.DotNet.Tests.csproj", "{3E7C5EB0-AB4D-40C7-946B-10E5855BD911}"
EndProject
Project("{FAE04EC0-301F-11D3-BF4B-00C04F79EFBC}") = "VeDotNetConsoleSample", "VeDotNetConsoleSample\VeDotNetConsoleSample.csproj", "{C5A3A85C-C479-45C8-A727-193B317C2E3A}"
EndProject
Global
	GlobalSection(SolutionConfigurationPlatforms) = preSolution
		Debug|Any CPU = Debug|Any CPU
		Debug|x64 = Debug|x64
		Debug|x86 = Debug|x86
		Release|Any CPU = Release|Any CPU
		Release|x64 = Release|x64
		Release|x86 = Release|x86
	EndGlobalSection
	GlobalSection(ProjectConfigurationPlatforms) = postSolution
		{8EC4E7F0-57FD-4952-A612-FDCDA3A5EBBD}.Debug|Any CPU.ActiveCfg = Debug|Any CPU
		{8EC4E7F0-57FD-4952-A612-FDCDA3A5EBBD}.Debug|Any CPU.Build.0 = Debug|Any CPU
		{8EC4E7F0-57FD-4952-A612-FDCDA3A5EBBD}.Debug|x64.ActiveCfg = Debug|Any CPU
		{8EC4E7F0-57FD-4952-A612-FDCDA3A5EBBD}.Debug|x64.Build.0 = Debug|Any CPU
		{8EC4E7F0-57FD-4952-A612-FDCDA3A5EBBD}.Debug|x86.ActiveCfg = Debug|Any CPU
		{8EC4E7F0-57FD-4952-A612-FDCDA3A5EBBD}.Debug|x86.Build.0 = Debug|Any CPU
		{8EC4E7F0-57FD-4952-A612-FDCDA3A5EBBD}.Release|Any CPU.ActiveCfg = Release|Any CPU
		{8EC4E7F0-57FD-4952-A612-FDCDA3A5EBBD}.Release|Any CPU.Build.0 = Release|Any CPU
		{8EC4E7F0-57FD-4952-A612-FDCDA3A5EBBD}.Release|x64.ActiveCfg = Release|Any CPU
		{8EC4E7F0-57FD-4952-A612-FDCDA3A5EBBD}.Release|x64.Build.0 = Release|Any CPU
		{8EC4E7F0-57FD-4952-A612-FDCDA3A5EBBD}.Release|x86.ActiveCfg = Release|Any CPU
		{8EC4E7F0-57FD-4952-A612-FDCDA3A5EBBD}.Release|x86.Build.0 = Release|Any CPU
		{3E7C5EB0-AB4D-40C7-946B-10E5855BD911}.Debug|Any CPU.ActiveCfg = Debug|Any CPU
		{3E7C5EB0-AB4D-40C7-946B-10E5855BD911}.Debug|Any CPU.Build.0 = Debug|Any CPU
		{3E7C5EB0-AB4D-40C7-946B-10E5855BD911}.Debug|x64.ActiveCfg = Debug|Any CPU
		{3E7C5EB0-AB4D-40C7-946B-10E5855BD911}.Debug|x64.Build.0 = Debug|Any CPU
		{3E7C5EB0-AB4D-40C7-946B-10E5855BD911}.Debug|x86.ActiveCfg = Debug|Any CPU
		{3E7C5EB0-AB4D-40C7-946B-10E5855BD911}.Debug|x86.Build.0 = Debug|Any CPU
		{3E7C5EB0-AB4D-40C7-946B-10E5855BD911}.Release|Any CPU.ActiveCfg = Release|Any CPU
		{3E7C5EB0-AB4D-40C7-946B-10E5855BD911}.Release|Any CPU.Build.0 = Release|Any CPU
		{3E7C5EB0-AB4D-40C7-946B-10E5855BD911}.Release|x64.ActiveCfg = Release|Any CPU
		{3E7C5EB0-AB4D-40C7-946B-10E5855BD911}.Release|x64.Build.0 = Release|Any CPU
		{3E7C5EB0-AB4D-40C7-946B-10E5855BD911}.Release|x86.ActiveCfg = Release|Any CPU
		{3E7C5EB0-AB4D-40C7-946B-10E5855BD911}.Release|x86.Build.0 = Release|Any CPU
		{C5A3A85C-C479-45C8-A727-193B317C2E3A}.Debug|Any CPU.ActiveCfg = Debug|Any CPU
		{C5A3A85C-C479-45C8-A727-193B317C2E3A}.Debug|Any CPU.Build.0 = Debug|Any CPU
		{C5A3A85C-C479-45C8-A727-193B317C2E3A}.Debug|x64.ActiveCfg = Debug|Any CPU
		{C5A3A85C-C479-45C8-A727-193B317C2E3A}.Debug|x64.Build.0 = Debug|Any CPU
		{C5A3A85C-C479-45C8-A727-193B317C2E3A}.Debug|x86.ActiveCfg = Debug|Any CPU
		{C5A3A85C-C479-45C8-A727-193B317C2E3A}.Debug|x86.Build.0 = Debug|Any CPU
		{C5A3A85C-C479-45C8-A727-193B317C2E3A}.Release|Any CPU.ActiveCfg = Release|Any CPU
		{C5A3A85C-C479-45C8-A727-193B317C2E3A}.Release|Any CPU.Build.0 = Release|Any CPU
		{C5A3A85C-C479-45C8-A727-193B317C2E3A}.Release|x64.ActiveCfg = Release|Any CPU
		{C5A3A85C-C479-45C8-A727-193B317C2E3A}.Release|x64.Build.0 = Release|Any CPU
		{C5A3A85C-C479-45C8-A727-193B317C2E3A}.Release|x86.ActiveCfg = Release|Any CPU
		{C5A3A85C-C479-45C8-A727-193B317C2E3A}.Release|x86.Build.0 = Release|Any CPU
	EndGlobalSection
	GlobalSection(SolutionProperties) = preSolution
		HideSolutionNode = FALSE
	EndGlobalSection
	GlobalSection(ExtensibilityGlobals) = postSolution
		SolutionGuid = {84F19CAA-5468-4546-AFB2-F90906B90899}
	EndGlobalSection
EndGlobal
